Microsoft Visual Studio Solution File, Format Version 12.00
# Visual Studio Version 17
VisualStudioVersion = 17.5.2.0
MinimumVisualStudioVersion = 10.0.40219.1
Project("{FAE04EC0-301F-11D3-BF4B-00C04F79EFBC}") = "FashionP", "FashionP.csproj", "{6A39E412-8618-D21A-67D2-1418368E5286}"
EndProject
Global
	GlobalSection(SolutionConfigurationPlatforms) = preSolution
		Debug|Any CPU = Debug|Any CPU
		Release|Any CPU = Release|Any CPU
	EndGlobalSection
	GlobalSection(ProjectConfigurationPlatforms) = postSolution
		{6A39E412-8618-D21A-67D2-1418368E5286}.Debug|Any CPU.ActiveCfg = Debug|Any CPU
		{6A39E412-8618-D21A-67D2-1418368E5286}.Debug|Any CPU.Build.0 = Debug|Any CPU
		{6A39E412-8618-D21A-67D2-1418368E5286}.Release|Any CPU.ActiveCfg = Release|Any CPU
		{6A39E412-8618-D21A-67D2-1418368E5286}.Release|Any CPU.Build.0 = Release|Any CPU
	EndGlobalSection
	GlobalSection(SolutionProperties) = preSolution
		HideSolutionNode = FALSE
	EndGlobalSection
	GlobalSection(ExtensibilityGlobals) = postSolution
		SolutionGuid = {11AADC67-C8CC-4802-9584-0C8BBBED7131}
	EndGlobalSection
EndGlobal
